
Microsoft Visual Studio Solution File, Format Version 12.00
# Visual Studio 15
VisualStudioVersion = 15.0.27004.2010
MinimumVisualStudioVersion = 10.0.40219.1
Project("{9A19103F-16F7-4668-BE54-9A1E7A4F7556}") = "PXLIB", "PXAS\PXLIB.csproj", "{6CDFCD41-23AC-49ED-ADB4-FBA614E94A87}"
EndProject
Project("{9A19103F-16F7-4668-BE54-9A1E7A4F7556}") = "PXAPI", "PXAPI\PXAPI.csproj", "{074A5F57-AE83-4382-BE97-B6244A122041}"
EndProject
Project("{9A19103F-16F7-4668-BE54-9A1E7A4F7556}") = "PXFRONT", "PXFRONT\PXFRONT.csproj", "{2847EECC-BE75-4B75-A3C5-6908D0604024}"
EndProject
Project("{9A19103F-16F7-4668-BE54-9A1E7A4F7556}") = "PXFRONT_old", "PXFRONT_old\PXFRONT_old.csproj", "{173B81B0-ECED-4660-84A4-F5E219567E02}"
EndProject
Global
	GlobalSection(SolutionConfigurationPlatforms) = preSolution
		Debug|Any CPU = Debug|Any CPU
		Release|Any CPU = Release|Any CPU
	EndGlobalSection
	GlobalSection(ProjectConfigurationPlatforms) = postSolution
		{6CDFCD41-23AC-49ED-ADB4-FBA614E94A87}.Debug|Any CPU.ActiveCfg = Debug|Any CPU
		{6CDFCD41-23AC-49ED-ADB4-FBA614E94A87}.Debug|Any CPU.Build.0 = Debug|Any CPU
		{6CDFCD41-23AC-49ED-ADB4-FBA614E94A87}.Release|Any CPU.ActiveCfg = Release|Any CPU
		{6CDFCD41-23AC-49ED-ADB4-FBA614E94A87}.Release|Any CPU.Build.0 = Release|Any CPU
		{074A5F57-AE83-4382-BE97-B6244A122041}.Debug|Any CPU.ActiveCfg = Debug|Any CPU
		{074A5F57-AE83-4382-BE97-B6244A122041}.Debug|Any CPU.Build.0 = Debug|Any CPU
		{074A5F57-AE83-4382-BE97-B6244A122041}.Release|Any CPU.ActiveCfg = Release|Any CPU
		{074A5F57-AE83-4382-BE97-B6244A122041}.Release|Any CPU.Build.0 = Release|Any CPU
		{2847EECC-BE75-4B75-A3C5-6908D0604024}.Debug|Any CPU.ActiveCfg = Debug|Any CPU
		{2847EECC-BE75-4B75-A3C5-6908D0604024}.Debug|Any CPU.Build.0 = Debug|Any CPU
		{2847EECC-BE75-4B75-A3C5-6908D0604024}.Release|Any CPU.ActiveCfg = Release|Any CPU
		{2847EECC-BE75-4B75-A3C5-6908D0604024}.Release|Any CPU.Build.0 = Release|Any CPU
		{173B81B0-ECED-4660-84A4-F5E219567E02}.Debug|Any CPU.ActiveCfg = Debug|Any CPU
		{173B81B0-ECED-4660-84A4-F5E219567E02}.Debug|Any CPU.Build.0 = Debug|Any CPU
		{173B81B0-ECED-4660-84A4-F5E219567E02}.Release|Any CPU.ActiveCfg = Release|Any CPU
		{173B81B0-ECED-4660-84A4-F5E219567E02}.Release|Any CPU.Build.0 = Release|Any CPU
	EndGlobalSection
	GlobalSection(SolutionProperties) = preSolution
		HideSolutionNode = FALSE
	EndGlobalSection
	GlobalSection(ExtensibilityGlobals) = postSolution
		SolutionGuid = {97A11375-5F4C-479A-9C86-0E6476ACB1B2}
	EndGlobalSection
EndGlobal
